
Microsoft Visual Studio Solution File, Format Version 12.00
# Visual Studio Express 15 for Windows Desktop
VisualStudioVersion = 15.0.33026.149
MinimumVisualStudioVersion = 10.0.40219.1
Project("{FAE04EC0-301F-11D3-BF4B-00C04F79EFBC}") = "RevitWebApp", "RevitWebApp\RevitWebApp.csproj", "{1FD10B73-F9E2-4C88-81AC-29F352548D42}"
EndProject
Global
	GlobalSection(SolutionConfigurationPlatforms) = preSolution
		Debug|Any CPU = Debug|Any CPU
		Release|Any CPU = Release|Any CPU
	EndGlobalSection
	GlobalSection(ProjectConfigurationPlatforms) = postSolution
		{1FD10B73-F9E2-4C88-81AC-29F352548D42}.Debug|Any CPU.ActiveCfg = Debug|Any CPU
		{1FD10B73-F9E2-4C88-81AC-29F352548D42}.Debug|Any CPU.Build.0 = Debug|Any CPU
		{1FD10B73-F9E2-4C88-81AC-29F352548D42}.Release|Any CPU.ActiveCfg = Release|Any CPU
		{1FD10B73-F9E2-4C88-81AC-29F352548D42}.Release|Any CPU.Build.0 = Release|Any CPU
	EndGlobalSection
	GlobalSection(SolutionProperties) = preSolution
		HideSolutionNode = FALSE
	EndGlobalSection
	GlobalSection(ExtensibilityGlobals) = postSolution
		SolutionGuid = {6A64761F-51D8-4D01-A9FB-60379A5F82C0}
	EndGlobalSection
EndGlobal
